// !$*UTF8*$!
{
	archiveVersion = 1;
	classes = {
	};
	objectVersion = 46;
	objects = {

/* Begin PBXBuildFile section */
		18A8998414BD68C800FAC22A /* UIKit.framework in Frameworks */ = {isa = PBXBuildFile; fileRef = 18A8998314BD68C800FAC22A /* UIKit.framework */; };
		18A8998614BD68C800FAC22A /* Foundation.framework in Frameworks */ = {isa = PBXBuildFile; fileRef = 18A8998514BD68C800FAC22A /* Foundation.framework */; };
		18A8998814BD68C800FAC22A /* CoreGraphics.framework in Frameworks */ = {isa = PBXBuildFile; fileRef = 18A8998714BD68C800FAC22A /* CoreGraphics.framework */; };
		18A8998E14BD68C800FAC22A /* InfoPlist.strings in Resources */ = {isa = PBXBuildFile; fileRef = 18A8998C14BD68C800FAC22A /* InfoPlist.strings */; };
		18A8999014BD68C800FAC22A /* main.m in Sources */ = {isa = PBXBuildFile; fileRef = 18A8998F14BD68C800FAC22A /* main.m */; };
		18A8999414BD68C800FAC22A /* AppDelegate.m in Sources */ = {isa = PBXBuildFile; fileRef = 18A8999314BD68C800FAC22A /* AppDelegate.m */; };
		18A8999714BD68C800FAC22A /* MainStoryboard_iPhone.storyboard in Resources */ = {isa = PBXBuildFile; fileRef = 18A8999514BD68C800FAC22A /* MainStoryboard_iPhone.storyboard */; };
		18A8999A14BD68C800FAC22A /* MainStoryboard_iPad.storyboard in Resources */ = {isa = PBXBuildFile; fileRef = 18A8999814BD68C800FAC22A /* MainStoryboard_iPad.storyboard */; };
		18A899A514BD695200FAC22A /* PhotoTableViewController.m in Sources */ = {isa = PBXBuildFile; fileRef = 18A899A414BD695200FAC22A /* PhotoTableViewController.m */; };
		18A899B514BD6E4000FAC22A /* FlickrFetcher.m in Sources */ = {isa = PBXBuildFile; fileRef = 18A899B414BD6E4000FAC22A /* FlickrFetcher.m */; };
/* End PBXBuildFile section */

/* Begin PBXFileReference section */
		18A8997F14BD68C800FAC22A /* PhotoFlick.app */ = {isa = PBXFileReference; explicitFileType = wrapper.application; includeInIndex = 0; path = PhotoFlick.app; sourceTree = BUILT_PRODUCTS_DIR; };
		18A8998314BD68C800FAC22A /* UIKit.framework */ = {isa = PBXFileReference; lastKnownFileType = wrapper.framework; name = UIKit.framework; path = System/Library/Frameworks/UIKit.framework; sourceTree = SDKROOT; };
		18A8998514BD68C800FAC22A /* Foundation.framework */ = {isa = PBXFileReference; lastKnownFileType = wrapper.framework; name = Foundation.framework; path = System/Library/Frameworks/Foundation.framework; sourceTree = SDKROOT; };
		18A8998714BD68C800FAC22A /* CoreGraphics.framework */ = {isa = PBXFileReference; lastKnownFileType = wrapper.framework; name = CoreGraphics.framework; path = System/Library/Frameworks/CoreGraphics.framework; sourceTree = SDKROOT; };
		18A8998B14BD68C800FAC22A /* PhotoFlick-Info.plist */ = {isa = PBXFileReference; lastKnownFileType = text.plist.xml; path = "PhotoFlick-Info.plist"; sourceTree = "<group>"; };
		18A8998D14BD68C800FAC22A /* en */ = {isa = PBXFileReference; lastKnownFileType = text.plist.strings; name = en; path = en.lproj/InfoPlist.strings; sourceTree = "<group>"; };
		18A8998F14BD68C800FAC22A /* main.m */ = {isa = PBXFileReference; lastKnownFileType = sourcecode.c.objc; path = main.m; sourceTree = "<group>"; };
		18A8999114BD68C800FAC22A /* PhotoFlick-Prefix.pch */ = {isa = PBXFileReference; lastKnownFileType = sourcecode.c.h; path = "PhotoFlick-Prefix.pch"; sourceTree = "<group>"; };
		18A8999214BD68C800FAC22A /* AppDelegate.h */ = {isa = PBXFileReference; lastKnownFileType = sourcecode.c.h; path = AppDelegate.h; sourceTree = "<group>"; };
		18A8999314BD68C800FAC22A /* AppDelegate.m */ = {isa = PBXFileReference; lastKnownFileType = sourcecode.c.objc; path = AppDelegate.m; sourceTree = "<group>"; };
		18A8999614BD68C800FAC22A /* en */ = {isa = PBXFileReference; lastKnownFileType = file.storyboard; name = en; path = en.lproj/MainStoryboard_iPhone.storyboard; sourceTree = "<group>"; };
		18A8999914BD68C800FAC22A /* en */ = {isa = PBXFileReference; lastKnownFileType = file.storyboard; name = en; path = en.lproj/MainStoryboard_iPad.storyboard; sourceTree = "<group>"; };
		18A899A314BD695200FAC22A /* PhotoTableViewController.h */ = {isa = PBXFileReference; fileEncoding = 4; lastKnownFileType = sourcecode.c.h; path = PhotoTableViewController.h; sourceTree = "<group>"; };
		18A899A414BD695200FAC22A /* PhotoTableViewController.m */ = {isa = PBXFileReference; fileEncoding = 4; lastKnownFileType = sourcecode.c.objc; path = PhotoTableViewController.m; sourceTree = "<group>"; };
		18A899B214BD6E4000FAC22A /* FlickrAPIKey.h */ = {isa = PBXFileReference; fileEncoding = 4; lastKnownFileType = sourcecode.c.h; path = FlickrAPIKey.h; sourceTree = "<group>"; };
		18A899B314BD6E4000FAC22A /* FlickrFetcher.h */ = {isa = PBXFileReference; fileEncoding = 4; lastKnownFileType = sourcecode.c.h; path = FlickrFetcher.h; sourceTree = "<group>"; };
		18A899B414BD6E4000FAC22A /* FlickrFetcher.m */ = {isa = PBXFileReference; fileEncoding = 4; lastKnownFileType = sourcecode.c.objc; path = FlickrFetcher.m; sourceTree = "<group>"; };
/* End PBXFileReference section */

/* Begin PBXFrameworksBuildPhase section */
		18A8997C14BD68C800FAC22A /* Frameworks */ = {
			isa = PBXFrameworksBuildPhase;
			buildActionMask = 2147483647;
			files = (
				18A8998414BD68C800FAC22A /* UIKit.framework in Frameworks */,
				18A8998614BD68C800FAC22A /* Foundation.framework in Frameworks */,
				18A8998814BD68C800FAC22A /* CoreGraphics.framework in Frameworks */,
			);
			runOnlyForDeploymentPostprocessing = 0;
		};
/* End PBXFrameworksBuildPhase section */

/* Begin PBXGroup section */
		18A8997414BD68C700FAC22A = {
			isa = PBXGroup;
			children = (
				18A8998914BD68C800FAC22A /* PhotoFlick */,
				18A8998214BD68C800FAC22A /* Frameworks */,
				18A8998014BD68C800FAC22A /* Products */,
			);
			sourceTree = "<group>";
		};
		18A8998014BD68C800FAC22A /* Products */ = {
			isa = PBXGroup;
			children = (
				18A8997F14BD68C800FAC22A /* PhotoFlick.app */,
			);
			name = Products;
			sourceTree = "<group>";
		};
		18A8998214BD68C800FAC22A /* Frameworks */ = {
			isa = PBXGroup;
			children = (
				18A8998314BD68C800FAC22A /* UIKit.framework */,
				18A8998514BD68C800FAC22A /* Foundation.framework */,
				18A8998714BD68C800FAC22A /* CoreGraphics.framework */,
			);
			name = Frameworks;
			sourceTree = "<group>";
		};
		18A8998914BD68C800FAC22A /* PhotoFlick */ = {
			isa = PBXGroup;
			children = (
				18A899B214BD6E4000FAC22A /* FlickrAPIKey.h */,
				18A899B314BD6E4000FAC22A /* FlickrFetcher.h */,
				18A899B414BD6E4000FAC22A /* FlickrFetcher.m */,
				18A8999514BD68C800FAC22A /* MainStoryboard_iPhone.storyboard */,
				18A8999814BD68C800FAC22A /* MainStoryboard_iPad.storyboard */,
				18A899A314BD695200FAC22A /* PhotoTableViewController.h */,
				18A899A414BD695200FAC22A /* PhotoTableViewController.m */,
				18A8998A14BD68C800FAC22A /* Supporting Files */,
			);
			path = PhotoFlick;
			sourceTree = "<group>";
		};
		18A8998A14BD68C800FAC22A /* Supporting Files */ = {
			isa = PBXGroup;
			children = (
				18A8999214BD68C800FAC22A /* AppDelegate.h */,
				18A8999314BD68C800FAC22A /* AppDelegate.m */,
				18A8998B14BD68C800FAC22A /* PhotoFlick-Info.plist */,
				18A8998C14BD68C800FAC22A /* InfoPlist.strings */,
				18A8998F14BD68C800FAC22A /* main.m */,
				18A8999114BD68C800FAC22A /* PhotoFlick-Prefix.pch */,
			);
			name = "Supporting Files";
			sourceTree = "<group>";
		};
/* End PBXGroup section */

/* Begin PBXNativeTarget section */
		18A8997E14BD68C800FAC22A /* PhotoFlick */ = {
			isa = PBXNativeTarget;
			buildConfigurationList = 18A899A014BD68C800FAC22A /* Build configuration list for PBXNativeTarget "PhotoFlick" */;
			buildPhases = (
				18A8997B14BD68C800FAC22A /* Sources */,
				18A8997C14BD68C800FAC22A /* Frameworks */,
				18A8997D14BD68C800FAC22A /* Resources */,
			);
			buildRules = (
			);
			dependencies = (
			);
			name = PhotoFlick;
			productName = PhotoFlick;
			productReference = 18A8997F14BD68C800FAC22A /* PhotoFlick.app */;
			productType = "com.apple.product-type.application";
		};
/* End PBXNativeTarget section */

/* Begin PBXProject section */
		18A8997614BD68C700FAC22A /* Project object */ = {
			isa = PBXProject;
			attributes = {
				LastUpgradeCheck = 0420;
			};
			buildConfigurationList = 18A8997914BD68C700FAC22A /* Build configuration list for PBXProject "PhotoFlick" */;
			compatibilityVersion = "Xcode 3.2";
			developmentRegion = English;
			hasScannedForEncodings = 0;
			knownRegions = (
				en,
			);
			mainGroup = 18A8997414BD68C700FAC22A;
			productRefGroup = 18A8998014BD68C800FAC22A /* Products */;
			projectDirPath = "";
			projectRoot = "";
			targets = (
				18A8997E14BD68C800FAC22A /* PhotoFlick */,
			);
		};
/* End PBXProject section */

/* Begin PBXResourcesBuildPhase section */
		18A8997D14BD68C800FAC22A /* Resources */ = {
			isa = PBXResourcesBuildPhase;
			buildActionMask = 2147483647;
			files = (
				18A8998E14BD68C800FAC22A /* InfoPlist.strings in Resources */,
				18A8999714BD68C800FAC22A /* MainStoryboard_iPhone.storyboard in Resources */,
				18A8999A14BD68C800FAC22A /* MainStoryboard_iPad.storyboard in Resources */,
			);
			runOnlyForDeploymentPostprocessing = 0;
		};
/* End PBXResourcesBuildPhase section */

/* Begin PBXSourcesBuildPhase section */
		18A8997B14BD68C800FAC22A /* Sources */ = {
			isa = PBXSourcesBuildPhase;
			buildActionMask = 2147483647;
			files = (
				18A8999014BD68C800FAC22A /* main.m in Sources */,
				18A8999414BD68C800FAC22A /* AppDelegate.m in Sources */,
				18A899A514BD695200FAC22A /* PhotoTableViewController.m in Sources */,
				18A899B514BD6E4000FAC22A /* FlickrFetcher.m in Sources */,
			);
			runOnlyForDeploymentPostprocessing = 0;
		};
/* End PBXSourcesBuildPhase section */

/* Begin PBXVariantGroup section */
		18A8998C14BD68C800FAC22A /* InfoPlist.strings */ = {
			isa = PBXVariantGroup;
			children = (
				18A8998D14BD68C800FAC22A /* en */,
			);
			name = InfoPlist.strings;
			sourceTree = "<group>";
		};
		18A8999514BD68C800FAC22A /* MainStoryboard_iPhone.storyboard */ = {
			isa = PBXVariantGroup;
			children = (
				18A8999614BD68C800FAC22A /* en */,
			);
			name = MainStoryboard_iPhone.storyboard;
			sourceTree = "<group>";
		};
		18A8999814BD68C800FAC22A /* MainStoryboard_iPad.storyboard */ = {
			isa = PBXVariantGroup;
			children = (
				18A8999914BD68C800FAC22A /* en */,
			);
			name = MainStoryboard_iPad.storyboard;
			sourceTree = "<group>";
		};
/* End PBXVariantGroup section */

/* Begin XCBuildConfiguration section */
		18A8999E14BD68C800FAC22A /* Debug */ = {
			isa = XCBuildConfiguration;
			buildSettings = {
				ALWAYS_SEARCH_USER_PATHS = NO;
				ARCHS = "$(ARCHS_STANDARD_32_BIT)";
				CLANG_ENABLE_OBJC_ARC = YES;
				"CODE_SIGN_IDENTITY[sdk=iphoneos*]" = "iPhone Developer";
				COPY_PHASE_STRIP = NO;
				GCC_C_LANGUAGE_STANDARD = gnu99;
				GCC_DYNAMIC_NO_PIC = NO;
				GCC_OPTIMIZATION_LEVEL = 0;
				GCC_PREPROCESSOR_DEFINITIONS = (
					"DEBUG=1",
					"$(inherited)",
				);
				GCC_SYMBOLS_PRIVATE_EXTERN = NO;
				GCC_VERSION = com.apple.compilers.llvm.clang.1_0;
				GCC_WARN_ABOUT_MISSING_PROTOTYPES = YES;
				GCC_WARN_ABOUT_RETURN_TYPE = YES;
				GCC_WARN_UNUSED_VARIABLE = YES;
				IPHONEOS_DEPLOYMENT_TARGET = 5.0;
				SDKROOT = iphoneos;
				TARGETED_DEVICE_FAMILY = "1,2";
			};
			name = Debug;
		};
		18A8999F14BD68C800FAC22A /* Release */ = {
			isa = XCBuildConfiguration;
			buildSettings = {
				ALWAYS_SEARCH_USER_PATHS = NO;
				ARCHS = "$(ARCHS_STANDARD_32_BIT)";
				CLANG_ENABLE_OBJC_ARC = YES;
				"CODE_SIGN_IDENTITY[sdk=iphoneos*]" = "iPhone Developer";
				COPY_PHASE_STRIP = YES;
				GCC_C_LANGUAGE_STANDARD = gnu99;
				GCC_VERSION = com.apple.compilers.llvm.clang.1_0;
				GCC_WARN_ABOUT_MISSING_PROTOTYPES = YES;
				GCC_WARN_ABOUT_RETURN_TYPE = YES;
				GCC_WARN_UNUSED_VARIABLE = YES;
				IPHONEOS_DEPLOYMENT_TARGET = 5.0;
				OTHER_CFLAGS = "-DNS_BLOCK_ASSERTIONS=1";
				SDKROOT = iphoneos;
				TARGETED_DEVICE_FAMILY = "1,2";
				VALIDATE_PRODUCT = YES;
			};
			name = Release;
		};
		18A899A114BD68C800FAC22A /* Debug */ = {
			isa = XCBuildConfiguration;
			buildSettings = {
				GCC_PRECOMPILE_PREFIX_HEADER = YES;
				GCC_PREFIX_HEADER = "PhotoFlick/PhotoFlick-Prefix.pch";
				INFOPLIST_FILE = "PhotoFlick/PhotoFlick-Info.plist";
				PRODUCT_NAME = "$(TARGET_NAME)";
				WRAPPER_EXTENSION = app;
			};
			name = Debug;
		};
		18A899A214BD68C800FAC22A /* Release */ = {
			isa = XCBuildConfiguration;
			buildSettings = {
				GCC_PRECOMPILE_PREFIX_HEADER = YES;
				GCC_PREFIX_HEADER = "PhotoFlick/PhotoFlick-Prefix.pch";
				INFOPLIST_FILE = "PhotoFlick/PhotoFlick-Info.plist";
				PRODUCT_NAME = "$(TARGET_NAME)";
				WRAPPER_EXTENSION = app;
			};
			name = Release;
		};
/* End XCBuildConfiguration section */

/* Begin XCConfigurationList section */
		18A8997914BD68C700FAC22A /* Build configuration list for PBXProject "PhotoFlick" */ = {
			isa = XCConfigurationList;
			buildConfigurations = (
				18A8999E14BD68C800FAC22A /* Debug */,
				18A8999F14BD68C800FAC22A /* Release */,
			);
			defaultConfigurationIsVisible = 0;
			defaultConfigurationName = Release;
		};
		18A899A014BD68C800FAC22A /* Build configuration list for PBXNativeTarget "PhotoFlick" */ = {
			isa = XCConfigurationList;
			buildConfigurations = (
				18A899A114BD68C800FAC22A /* Debug */,
				18A899A214BD68C800FAC22A /* Release */,
			);
			defaultConfigurationIsVisible = 0;
		};
/* End XCConfigurationList section */
	};
	rootObject = 18A8997614BD68C700FAC22A /* Project object */;
}
